// !$*UTF8*$!
{
	archiveVersion = 1;
	classes = {
	};
	objectVersion = 56;
	objects = {

/* Begin PBXBuildFile section */
		DB6AFB072B9396C900A65CE4 /* iOSAPIThesisApp.swift in Sources */ = {isa = PBXBuildFile; fileRef = DB6AFB062B9396C900A65CE4 /* iOSAPIThesisApp.swift */; };
		DB6AFB092B9396C900A65CE4 /* PhotosListView.swift in Sources */ = {isa = PBXBuildFile; fileRef = DB6AFB082B9396C900A65CE4 /* PhotosListView.swift */; };
		DB6AFB0B2B9396CB00A65CE4 /* Assets.xcassets in Resources */ = {isa = PBXBuildFile; fileRef = DB6AFB0A2B9396CB00A65CE4 /* Assets.xcassets */; };
		DB6AFB0E2B9396CB00A65CE4 /* Preview Assets.xcassets in Resources */ = {isa = PBXBuildFile; fileRef = DB6AFB0D2B9396CB00A65CE4 /* Preview Assets.xcassets */; };
		DB6AFB172B9396E800A65CE4 /* Photo.swift in Sources */ = {isa = PBXBuildFile; fileRef = DB6AFB162B9396E800A65CE4 /* Photo.swift */; };
		DB6AFB192B93977A00A65CE4 /* APIService.swift in Sources */ = {isa = PBXBuildFile; fileRef = DB6AFB182B93977A00A65CE4 /* APIService.swift */; };
		DB6AFB1B2B939D7800A65CE4 /* PhotosLoader.swift in Sources */ = {isa = PBXBuildFile; fileRef = DB6AFB1A2B939D7800A65CE4 /* PhotosLoader.swift */; };
		DB8AB1372BA5810700959823 /* FileDiskManager.swift in Sources */ = {isa = PBXBuildFile; fileRef = DB8AB1362BA5810700959823 /* FileDiskManager.swift */; };
/* End PBXBuildFile section */

/* Begin PBXFileReference section */
		DB6AFB032B9396C900A65CE4 /* iOSAPIThesis.app */ = {isa = PBXFileReference; explicitFileType = wrapper.application; includeInIndex = 0; path = iOSAPIThesis.app; sourceTree = BUILT_PRODUCTS_DIR; };
		DB6AFB062B9396C900A65CE4 /* iOSAPIThesisApp.swift */ = {isa = PBXFileReference; lastKnownFileType = sourcecode.swift; path = iOSAPIThesisApp.swift; sourceTree = "<group>"; };
		DB6AFB082B9396C900A65CE4 /* PhotosListView.swift */ = {isa = PBXFileReference; lastKnownFileType = sourcecode.swift; path = PhotosListView.swift; sourceTree = "<group>"; };
		DB6AFB0A2B9396CB00A65CE4 /* Assets.xcassets */ = {isa = PBXFileReference; lastKnownFileType = folder.assetcatalog; path = Assets.xcassets; sourceTree = "<group>"; };
		DB6AFB0D2B9396CB00A65CE4 /* Preview Assets.xcassets */ = {isa = PBXFileReference; lastKnownFileType = folder.assetcatalog; path = "Preview Assets.xcassets"; sourceTree = "<group>"; };
		DB6AFB162B9396E800A65CE4 /* Photo.swift */ = {isa = PBXFileReference; lastKnownFileType = sourcecode.swift; path = Photo.swift; sourceTree = "<group>"; };
		DB6AFB182B93977A00A65CE4 /* APIService.swift */ = {isa = PBXFileReference; lastKnownFileType = sourcecode.swift; path = APIService.swift; sourceTree = "<group>"; };
		DB6AFB1A2B939D7800A65CE4 /* PhotosLoader.swift */ = {isa = PBXFileReference; lastKnownFileType = sourcecode.swift; path = PhotosLoader.swift; sourceTree = "<group>"; };
		DB8AB1362BA5810700959823 /* FileDiskManager.swift */ = {isa = PBXFileReference; lastKnownFileType = sourcecode.swift; path = FileDiskManager.swift; sourceTree = "<group>"; };
/* End PBXFileReference section */

/* Begin PBXFrameworksBuildPhase section */
		DB6AFB002B9396C900A65CE4 /* Frameworks */ = {
			isa = PBXFrameworksBuildPhase;
			buildActionMask = 2147483647;
			files = (
			);
			runOnlyForDeploymentPostprocessing = 0;
		};
/* End PBXFrameworksBuildPhase section */

/* Begin PBXGroup section */
		DB6AFAFA2B9396C900A65CE4 = {
			isa = PBXGroup;
			children = (
				DB6AFB052B9396C900A65CE4 /* iOSAPIThesis */,
				DB6AFB042B9396C900A65CE4 /* Products */,
			);
			sourceTree = "<group>";
		};
		DB6AFB042B9396C900A65CE4 /* Products */ = {
			isa = PBXGroup;
			children = (
				DB6AFB032B9396C900A65CE4 /* iOSAPIThesis.app */,
			);
			name = Products;
			sourceTree = "<group>";
		};
		DB6AFB052B9396C900A65CE4 /* iOSAPIThesis */ = {
			isa = PBXGroup;
			children = (
				DB6AFB142B9396D600A65CE4 /* Models */,
				DB6AFB152B9396D900A65CE4 /* Views */,
				DB6AFB062B9396C900A65CE4 /* iOSAPIThesisApp.swift */,
				DB6AFB0A2B9396CB00A65CE4 /* Assets.xcassets */,
				DB6AFB0C2B9396CB00A65CE4 /* Preview Content */,
			);
			path = iOSAPIThesis;
			sourceTree = "<group>";
		};
		DB6AFB0C2B9396CB00A65CE4 /* Preview Content */ = {
			isa = PBXGroup;
			children = (
				DB6AFB0D2B9396CB00A65CE4 /* Preview Assets.xcassets */,
			);
			path = "Preview Content";
			sourceTree = "<group>";
		};
		DB6AFB142B9396D600A65CE4 /* Models */ = {
			isa = PBXGroup;
			children = (
				DB6AFB162B9396E800A65CE4 /* Photo.swift */,
				DB6AFB182B93977A00A65CE4 /* APIService.swift */,
				DB8AB1362BA5810700959823 /* FileDiskManager.swift */,
				DB6AFB1A2B939D7800A65CE4 /* PhotosLoader.swift */,
			);
			path = Models;
			sourceTree = "<group>";
		};
		DB6AFB152B9396D900A65CE4 /* Views */ = {
			isa = PBXGroup;
			children = (
				DB6AFB082B9396C900A65CE4 /* PhotosListView.swift */,
			);
			path = Views;
			sourceTree = "<group>";
		};
/* End PBXGroup section */

/* Begin PBXNativeTarget section */
		DB6AFB022B9396C900A65CE4 /* iOSAPIThesis */ = {
			isa = PBXNativeTarget;
			buildConfigurationList = DB6AFB112B9396CB00A65CE4 /* Build configuration list for PBXNativeTarget "iOSAPIThesis" */;
			buildPhases = (
				DB6AFAFF2B9396C900A65CE4 /* Sources */,
				DB6AFB002B9396C900A65CE4 /* Frameworks */,
				DB6AFB012B9396C900A65CE4 /* Resources */,
			);
			buildRules = (
			);
			dependencies = (
			);
			name = iOSAPIThesis;
			productName = iOSAPIThesis;
			productReference = DB6AFB032B9396C900A65CE4 /* iOSAPIThesis.app */;
			productType = "com.apple.product-type.application";
		};
/* End PBXNativeTarget section */

/* Begin PBXProject section */
		DB6AFAFB2B9396C900A65CE4 /* Project object */ = {
			isa = PBXProject;
			attributes = {
				BuildIndependentTargetsInParallel = 1;
				LastSwiftUpdateCheck = 1500;
				LastUpgradeCheck = 1500;
				TargetAttributes = {
					DB6AFB022B9396C900A65CE4 = {
						CreatedOnToolsVersion = 15.0.1;
					};
				};
			};
			buildConfigurationList = DB6AFAFE2B9396C900A65CE4 /* Build configuration list for PBXProject "iOSAPIThesis" */;
			compatibilityVersion = "Xcode 14.0";
			developmentRegion = en;
			hasScannedForEncodings = 0;
			knownRegions = (
				en,
				Base,
			);
			mainGroup = DB6AFAFA2B9396C900A65CE4;
			productRefGroup = DB6AFB042B9396C900A65CE4 /* Products */;
			projectDirPath = "";
			projectRoot = "";
			targets = (
				DB6AFB022B9396C900A65CE4 /* iOSAPIThesis */,
			);
		};
/* End PBXProject section */

/* Begin PBXResourcesBuildPhase section */
		DB6AFB012B9396C900A65CE4 /* Resources */ = {
			isa = PBXResourcesBuildPhase;
			buildActionMask = 2147483647;
			files = (
				DB6AFB0E2B9396CB00A65CE4 /* Preview Assets.xcassets in Resources */,
				DB6AFB0B2B9396CB00A65CE4 /* Assets.xcassets in Resources */,
			);
			runOnlyForDeploymentPostprocessing = 0;
		};
/* End PBXResourcesBuildPhase section */

/* Begin PBXSourcesBuildPhase section */
		DB6AFAFF2B9396C900A65CE4 /* Sources */ = {
			isa = PBXSourcesBuildPhase;
			buildActionMask = 2147483647;
			files = (
				DB6AFB1B2B939D7800A65CE4 /* PhotosLoader.swift in Sources */,
				DB6AFB172B9396E800A65CE4 /* Photo.swift in Sources */,
				DB8AB1372BA5810700959823 /* FileDiskManager.swift in Sources */,
				DB6AFB092B9396C900A65CE4 /* PhotosListView.swift in Sources */,
				DB6AFB192B93977A00A65CE4 /* APIService.swift in Sources */,
				DB6AFB072B9396C900A65CE4 /* iOSAPIThesisApp.swift in Sources */,
			);
			runOnlyForDeploymentPostprocessing = 0;
		};
/* End PBXSourcesBuildPhase section */

/* Begin XCBuildConfiguration section */
		DB6AFB0F2B9396CB00A65CE4 /* Debug */ = {
			isa = XCBuildConfiguration;
			buildSettings = {
				ALWAYS_SEARCH_USER_PATHS = NO;
				ASSETCATALOG_COMPILER_GENERATE_SWIFT_ASSET_SYMBOL_EXTENSIONS = YES;
				CLANG_ANALYZER_NONNULL = YES;
				CLANG_ANALYZER_NUMBER_OBJECT_CONVERSION = YES_AGGRESSIVE;
				CLANG_CXX_LANGUAGE_STANDARD = "gnu++20";
				CLANG_ENABLE_MODULES = YES;
				CLANG_ENABLE_OBJC_ARC = YES;
				CLANG_ENABLE_OBJC_WEAK = YES;
				CLANG_WARN_BLOCK_CAPTURE_AUTORELEASING = YES;
				CLANG_WARN_BOOL_CONVERSION = YES;
				CLANG_WARN_COMMA = YES;
				CLANG_WARN_CONSTANT_CONVERSION = YES;
				CLANG_WARN_DEPRECATED_OBJC_IMPLEMENTATIONS = YES;
				CLANG_WARN_DIRECT_OBJC_ISA_USAGE = YES_ERROR;
				CLANG_WARN_DOCUMENTATION_COMMENTS = YES;
				CLANG_WARN_EMPTY_BODY = YES;
				CLANG_WARN_ENUM_CONVERSION = YES;
				CLANG_WARN_INFINITE_RECURSION = YES;
				CLANG_WARN_INT_CONVERSION = YES;
				CLANG_WARN_NON_LITERAL_NULL_CONVERSION = YES;
				CLANG_WARN_OBJC_IMPLICIT_RETAIN_SELF = YES;
				CLANG_WARN_OBJC_LITERAL_CONVERSION = YES;
				CLANG_WARN_OBJC_ROOT_CLASS = YES_ERROR;
				CLANG_WARN_QUOTED_INCLUDE_IN_FRAMEWORK_HEADER = YES;
				CLANG_WARN_RANGE_LOOP_ANALYSIS = YES;
				CLANG_WARN_STRICT_PROTOTYPES = YES;
				CLANG_WARN_SUSPICIOUS_MOVE = YES;
				CLANG_WARN_UNGUARDED_AVAILABILITY = YES_AGGRESSIVE;
				CLANG_WARN_UNREACHABLE_CODE = YES;
				CLANG_WARN__DUPLICATE_METHOD_MATCH = YES;
				COPY_PHASE_STRIP = NO;
				DEBUG_INFORMATION_FORMAT = dwarf;
				ENABLE_STRICT_OBJC_MSGSEND = YES;
				ENABLE_TESTABILITY = YES;
				ENABLE_USER_SCRIPT_SANDBOXING = YES;
				GCC_C_LANGUAGE_STANDARD = gnu17;
				GCC_DYNAMIC_NO_PIC = NO;
				GCC_NO_COMMON_BLOCKS = YES;
				GCC_OPTIMIZATION_LEVEL = 0;
				GCC_PREPROCESSOR_DEFINITIONS = (
					"DEBUG=1",
					"$(inherited)",
				);
				GCC_WARN_64_TO_32_BIT_CONVERSION = YES;
				GCC_WARN_ABOUT_RETURN_TYPE = YES_ERROR;
				GCC_WARN_UNDECLARED_SELECTOR = YES;
				GCC_WARN_UNINITIALIZED_AUTOS = YES_AGGRESSIVE;
				GCC_WARN_UNUSED_FUNCTION = YES;
				GCC_WARN_UNUSED_VARIABLE = YES;
				IPHONEOS_DEPLOYMENT_TARGET = 17.0;
				LOCALIZATION_PREFERS_STRING_CATALOGS = YES;
				MTL_ENABLE_DEBUG_INFO = INCLUDE_SOURCE;
				MTL_FAST_MATH = YES;
				ONLY_ACTIVE_ARCH = YES;
				SDKROOT = iphoneos;
				SWIFT_ACTIVE_COMPILATION_CONDITIONS = "DEBUG $(inherited)";
				SWIFT_OPTIMIZATION_LEVEL = "-Onone";
			};
			name = Debug;
		};
		DB6AFB102B9396CB00A65CE4 /* Release */ = {
			isa = XCBuildConfiguration;
			buildSettings = {
				ALWAYS_SEARCH_USER_PATHS = NO;
				ASSETCATALOG_COMPILER_GENERATE_SWIFT_ASSET_SYMBOL_EXTENSIONS = YES;
				CLANG_ANALYZER_NONNULL = YES;
				CLANG_ANALYZER_NUMBER_OBJECT_CONVERSION = YES_AGGRESSIVE;
				CLANG_CXX_LANGUAGE_STANDARD = "gnu++20";
				CLANG_ENABLE_MODULES = YES;
				CLANG_ENABLE_OBJC_ARC = YES;
				CLANG_ENABLE_OBJC_WEAK = YES;
				CLANG_WARN_BLOCK_CAPTURE_AUTORELEASING = YES;
				CLANG_WARN_BOOL_CONVERSION = YES;
				CLANG_WARN_COMMA = YES;
				CLANG_WARN_CONSTANT_CONVERSION = YES;
				CLANG_WARN_DEPRECATED_OBJC_IMPLEMENTATIONS = YES;
				CLANG_WARN_DIRECT_OBJC_ISA_USAGE = YES_ERROR;
				CLANG_WARN_DOCUMENTATION_COMMENTS = YES;
				CLANG_WARN_EMPTY_BODY = YES;
				CLANG_WARN_ENUM_CONVERSION = YES;
				CLANG_WARN_INFINITE_RECURSION = YES;
				CLANG_WARN_INT_CONVERSION = YES;
				CLANG_WARN_NON_LITERAL_NULL_CONVERSION = YES;
				CLANG_WARN_OBJC_IMPLICIT_RETAIN_SELF = YES;
				CLANG_WARN_OBJC_LITERAL_CONVERSION = YES;
				CLANG_WARN_OBJC_ROOT_CLASS = YES_ERROR;
				CLANG_WARN_QUOTED_INCLUDE_IN_FRAMEWORK_HEADER = YES;
				CLANG_WARN_RANGE_LOOP_ANALYSIS = YES;
				CLANG_WARN_STRICT_PROTOTYPES = YES;
				CLANG_WARN_SUSPICIOUS_MOVE = YES;
				CLANG_WARN_UNGUARDED_AVAILABILITY = YES_AGGRESSIVE;
				CLANG_WARN_UNREACHABLE_CODE = YES;
				CLANG_WARN__DUPLICATE_METHOD_MATCH = YES;
				COPY_PHASE_STRIP = NO;
				DEBUG_INFORMATION_FORMAT = "dwarf-with-dsym";
				ENABLE_NS_ASSERTIONS = NO;
				ENABLE_STRICT_OBJC_MSGSEND = YES;
				ENABLE_USER_SCRIPT_SANDBOXING = YES;
				GCC_C_LANGUAGE_STANDARD = gnu17;
				GCC_NO_COMMON_BLOCKS = YES;
				GCC_WARN_64_TO_32_BIT_CONVERSION = YES;
				GCC_WARN_ABOUT_RETURN_TYPE = YES_ERROR;
				GCC_WARN_UNDECLARED_SELECTOR = YES;
				GCC_WARN_UNINITIALIZED_AUTOS = YES_AGGRESSIVE;
				GCC_WARN_UNUSED_FUNCTION = YES;
				GCC_WARN_UNUSED_VARIABLE = YES;
				IPHONEOS_DEPLOYMENT_TARGET = 17.0;
				LOCALIZATION_PREFERS_STRING_CATALOGS = YES;
				MTL_ENABLE_DEBUG_INFO = NO;
				MTL_FAST_MATH = YES;
				SDKROOT = iphoneos;
				SWIFT_COMPILATION_MODE = wholemodule;
				VALIDATE_PRODUCT = YES;
			};
			name = Release;
		};
		DB6AFB122B9396CB00A65CE4 /* Debug */ = {
			isa = XCBuildConfiguration;
			buildSettings = {
				ASSETCATALOG_COMPILER_APPICON_NAME = AppIcon;
				ASSETCATALOG_COMPILER_GLOBAL_ACCENT_COLOR_NAME = AccentColor;
				CODE_SIGN_STYLE = Automatic;
				CURRENT_PROJECT_VERSION = 1;
				DEVELOPMENT_ASSET_PATHS = "\"iOSAPIThesis/Preview Content\"";
				DEVELOPMENT_TEAM = M46F4B7U6P;
				ENABLE_PREVIEWS = YES;
				GENERATE_INFOPLIST_FILE = YES;
				INFOPLIST_KEY_UIApplicationSceneManifest_Generation = YES;
				INFOPLIST_KEY_UIApplicationSupportsIndirectInputEvents = YES;
				INFOPLIST_KEY_UILaunchScreen_Generation = YES;
				INFOPLIST_KEY_UISupportedInterfaceOrientations_iPad = "UIInterfaceOrientationPortrait UIInterfaceOrientationPortraitUpsideDown UIInterfaceOrientationLandscapeLeft UIInterfaceOrientationLandscapeRight";
				INFOPLIST_KEY_UISupportedInterfaceOrientations_iPhone = "UIInterfaceOrientationPortrait UIInterfaceOrientationLandscapeLeft UIInterfaceOrientationLandscapeRight";
				LD_RUNPATH_SEARCH_PATHS = (
					"$(inherited)",
					"@executable_path/Frameworks",
				);
				MARKETING_VERSION = 1.0;
				PRODUCT_BUNDLE_IDENTIFIER = com.davidmansourian.iOSAPIThesis;
				PRODUCT_NAME = "$(TARGET_NAME)";
				SWIFT_EMIT_LOC_STRINGS = YES;
				SWIFT_VERSION = 5.0;
				TARGETED_DEVICE_FAMILY = "1,2";
			};
			name = Debug;
		};
		DB6AFB132B9396CB00A65CE4 /* Release */ = {
			isa = XCBuildConfiguration;
			buildSettings = {
				ASSETCATALOG_COMPILER_APPICON_NAME = AppIcon;
				ASSETCATALOG_COMPILER_GLOBAL_ACCENT_COLOR_NAME = AccentColor;
				CODE_SIGN_STYLE = Automatic;
				CURRENT_PROJECT_VERSION = 1;
				DEVELOPMENT_ASSET_PATHS = "\"iOSAPIThesis/Preview Content\"";
				DEVELOPMENT_TEAM = M46F4B7U6P;
				ENABLE_PREVIEWS = YES;
				GENERATE_INFOPLIST_FILE = YES;
				INFOPLIST_KEY_UIApplicationSceneManifest_Generation = YES;
				INFOPLIST_KEY_UIApplicationSupportsIndirectInputEvents = YES;
				INFOPLIST_KEY_UILaunchScreen_Generation = YES;
				INFOPLIST_KEY_UISupportedInterfaceOrientations_iPad = "UIInterfaceOrientationPortrait UIInterfaceOrientationPortraitUpsideDown UIInterfaceOrientationLandscapeLeft UIInterfaceOrientationLandscapeRight";
				INFOPLIST_KEY_UISupportedInterfaceOrientations_iPhone = "UIInterfaceOrientationPortrait UIInterfaceOrientationLandscapeLeft UIInterfaceOrientationLandscapeRight";
				LD_RUNPATH_SEARCH_PATHS = (
					"$(inherited)",
					"@executable_path/Frameworks",
				);
				MARKETING_VERSION = 1.0;
				PRODUCT_BUNDLE_IDENTIFIER = com.davidmansourian.iOSAPIThesis;
				PRODUCT_NAME = "$(TARGET_NAME)";
				SWIFT_EMIT_LOC_STRINGS = YES;
				SWIFT_VERSION = 5.0;
				TARGETED_DEVICE_FAMILY = "1,2";
			};
			name = Release;
		};
/* End XCBuildConfiguration section */

/* Begin XCConfigurationList section */
		DB6AFAFE2B9396C900A65CE4 /* Build configuration list for PBXProject "iOSAPIThesis" */ = {
			isa = XCConfigurationList;
			buildConfigurations = (
				DB6AFB0F2B9396CB00A65CE4 /* Debug */,
				DB6AFB102B9396CB00A65CE4 /* Release */,
			);
			defaultConfigurationIsVisible = 0;
			defaultConfigurationName = Release;
		};
		DB6AFB112B9396CB00A65CE4 /* Build configuration list for PBXNativeTarget "iOSAPIThesis" */ = {
			isa = XCConfigurationList;
			buildConfigurations = (
				DB6AFB122B9396CB00A65CE4 /* Debug */,
				DB6AFB132B9396CB00A65CE4 /* Release */,
			);
			defaultConfigurationIsVisible = 0;
			defaultConfigurationName = Release;
		};
/* End XCConfigurationList section */
	};
	rootObject = DB6AFAFB2B9396C900A65CE4 /* Project object */;
}
